// !$*UTF8*$!
{
	archiveVersion = 1;
	classes = {
	};
	objectVersion = 56;
	objects = {

/* Begin PBXBuildFile section */
		37C406142E04930E006C7AAC /* GaitAnalysisAppApp.swift in Sources */ = {isa = PBXBuildFile; fileRef = 37C406132E04930E006C7AAC /* GaitAnalysisAppApp.swift */; };
		37C406162E04930E006C7AAC /* ContentView.swift in Sources */ = {isa = PBXBuildFile; fileRef = 37C406152E04930E006C7AAC /* ContentView.swift */; };
		37C406182E049310006C7AAC /* Assets.xcassets in Resources */ = {isa = PBXBuildFile; fileRef = 37C406172E049310006C7AAC /* Assets.xcassets */; };
		37C4061B2E049310006C7AAC /* Preview Assets.xcassets in Resources */ = {isa = PBXBuildFile; fileRef = 37C4061A2E049310006C7AAC /* Preview Assets.xcassets */; };
		37C406252E049310006C7AAC /* GaitAnalysisAppTests.swift in Sources */ = {isa = PBXBuildFile; fileRef = 37C406242E049310006C7AAC /* GaitAnalysisAppTests.swift */; };
		37C4062F2E049310006C7AAC /* GaitAnalysisAppUITests.swift in Sources */ = {isa = PBXBuildFile; fileRef = 37C4062E2E049310006C7AAC /* GaitAnalysisAppUITests.swift */; };
		37C406312E049310006C7AAC /* GaitAnalysisAppUITestsLaunchTests.swift in Sources */ = {isa = PBXBuildFile; fileRef = 37C406302E049310006C7AAC /* GaitAnalysisAppUITestsLaunchTests.swift */; };
/* End PBXBuildFile section */

/* Begin PBXContainerItemProxy section */
		37C406212E049310006C7AAC /* PBXContainerItemProxy */ = {
			isa = PBXContainerItemProxy;
			containerPortal = 37C406082E04930E006C7AAC /* Project object */;
			proxyType = 1;
			remoteGlobalIDString = 37C4060F2E04930E006C7AAC;
			remoteInfo = GaitAnalysisApp;
		};
		37C4062B2E049310006C7AAC /* PBXContainerItemProxy */ = {
			isa = PBXContainerItemProxy;
			containerPortal = 37C406082E04930E006C7AAC /* Project object */;
			proxyType = 1;
			remoteGlobalIDString = 37C4060F2E04930E006C7AAC;
			remoteInfo = GaitAnalysisApp;
		};
/* End PBXContainerItemProxy section */

/* Begin PBXFileReference section */
		37C406102E04930E006C7AAC /* GaitAnalysisApp.app */ = {isa = PBXFileReference; explicitFileType = wrapper.application; includeInIndex = 0; path = GaitAnalysisApp.app; sourceTree = BUILT_PRODUCTS_DIR; };
		37C406132E04930E006C7AAC /* GaitAnalysisAppApp.swift */ = {isa = PBXFileReference; lastKnownFileType = sourcecode.swift; path = GaitAnalysisAppApp.swift; sourceTree = "<group>"; };
		37C406152E04930E006C7AAC /* ContentView.swift */ = {isa = PBXFileReference; lastKnownFileType = sourcecode.swift; path = ContentView.swift; sourceTree = "<group>"; };
		37C406172E049310006C7AAC /* Assets.xcassets */ = {isa = PBXFileReference; lastKnownFileType = folder.assetcatalog; path = Assets.xcassets; sourceTree = "<group>"; };
		37C4061A2E049310006C7AAC /* Preview Assets.xcassets */ = {isa = PBXFileReference; lastKnownFileType = folder.assetcatalog; path = "Preview Assets.xcassets"; sourceTree = "<group>"; };
		37C406202E049310006C7AAC /* GaitAnalysisAppTests.xctest */ = {isa = PBXFileReference; explicitFileType = wrapper.cfbundle; includeInIndex = 0; path = GaitAnalysisAppTests.xctest; sourceTree = BUILT_PRODUCTS_DIR; };
		37C406242E049310006C7AAC /* GaitAnalysisAppTests.swift */ = {isa = PBXFileReference; lastKnownFileType = sourcecode.swift; path = GaitAnalysisAppTests.swift; sourceTree = "<group>"; };
		37C4062A2E049310006C7AAC /* GaitAnalysisAppUITests.xctest */ = {isa = PBXFileReference; explicitFileType = wrapper.cfbundle; includeInIndex = 0; path = GaitAnalysisAppUITests.xctest; sourceTree = BUILT_PRODUCTS_DIR; };
		37C4062E2E049310006C7AAC /* GaitAnalysisAppUITests.swift */ = {isa = PBXFileReference; lastKnownFileType = sourcecode.swift; path = GaitAnalysisAppUITests.swift; sourceTree = "<group>"; };
		37C406302E049310006C7AAC /* GaitAnalysisAppUITestsLaunchTests.swift */ = {isa = PBXFileReference; lastKnownFileType = sourcecode.swift; path = GaitAnalysisAppUITestsLaunchTests.swift; sourceTree = "<group>"; };
/* End PBXFileReference section */

/* Begin PBXFrameworksBuildPhase section */
		37C4060D2E04930E006C7AAC /* Frameworks */ = {
			isa = PBXFrameworksBuildPhase;
			buildActionMask = 2147483647;
			files = (
			);
			runOnlyForDeploymentPostprocessing = 0;
		};
		37C4061D2E049310006C7AAC /* Frameworks */ = {
			isa = PBXFrameworksBuildPhase;
			buildActionMask = 2147483647;
			files = (
			);
			runOnlyForDeploymentPostprocessing = 0;
		};
		37C406272E049310006C7AAC /* Frameworks */ = {
			isa = PBXFrameworksBuildPhase;
			buildActionMask = 2147483647;
			files = (
			);
			runOnlyForDeploymentPostprocessing = 0;
		};
/* End PBXFrameworksBuildPhase section */

/* Begin PBXGroup section */
		37C406072E04930E006C7AAC = {
			isa = PBXGroup;
			children = (
				37C406122E04930E006C7AAC /* GaitAnalysisApp */,
				37C406232E049310006C7AAC /* GaitAnalysisAppTests */,
				37C4062D2E049310006C7AAC /* GaitAnalysisAppUITests */,
				37C406112E04930E006C7AAC /* Products */,
			);
			sourceTree = "<group>";
		};
		37C406112E04930E006C7AAC /* Products */ = {
			isa = PBXGroup;
			children = (
				37C406102E04930E006C7AAC /* GaitAnalysisApp.app */,
				37C406202E049310006C7AAC /* GaitAnalysisAppTests.xctest */,
				37C4062A2E049310006C7AAC /* GaitAnalysisAppUITests.xctest */,
			);
			name = Products;
			sourceTree = "<group>";
		};
		37C406122E04930E006C7AAC /* GaitAnalysisApp */ = {
			isa = PBXGroup;
			children = (
				37C406132E04930E006C7AAC /* GaitAnalysisAppApp.swift */,
				37C406152E04930E006C7AAC /* ContentView.swift */,
				37C406172E049310006C7AAC /* Assets.xcassets */,
				37C406192E049310006C7AAC /* Preview Content */,
			);
			path = GaitAnalysisApp;
			sourceTree = "<group>";
		};
		37C406192E049310006C7AAC /* Preview Content */ = {
			isa = PBXGroup;
			children = (
				37C4061A2E049310006C7AAC /* Preview Assets.xcassets */,
			);
			path = "Preview Content";
			sourceTree = "<group>";
		};
		37C406232E049310006C7AAC /* GaitAnalysisAppTests */ = {
			isa = PBXGroup;
			children = (
				37C406242E049310006C7AAC /* GaitAnalysisAppTests.swift */,
			);
			path = GaitAnalysisAppTests;
			sourceTree = "<group>";
		};
		37C4062D2E049310006C7AAC /* GaitAnalysisAppUITests */ = {
			isa = PBXGroup;
			children = (
				37C4062E2E049310006C7AAC /* GaitAnalysisAppUITests.swift */,
				37C406302E049310006C7AAC /* GaitAnalysisAppUITestsLaunchTests.swift */,
			);
			path = GaitAnalysisAppUITests;
			sourceTree = "<group>";
		};
/* End PBXGroup section */

/* Begin PBXNativeTarget section */
		37C4060F2E04930E006C7AAC /* GaitAnalysisApp */ = {
			isa = PBXNativeTarget;
			buildConfigurationList = 37C406342E049310006C7AAC /* Build configuration list for PBXNativeTarget "GaitAnalysisApp" */;
			buildPhases = (
				37C4060C2E04930E006C7AAC /* Sources */,
				37C4060D2E04930E006C7AAC /* Frameworks */,
				37C4060E2E04930E006C7AAC /* Resources */,
			);
			buildRules = (
			);
			dependencies = (
			);
			name = GaitAnalysisApp;
			productName = GaitAnalysisApp;
			productReference = 37C406102E04930E006C7AAC /* GaitAnalysisApp.app */;
			productType = "com.apple.product-type.application";
		};
		37C4061F2E049310006C7AAC /* GaitAnalysisAppTests */ = {
			isa = PBXNativeTarget;
			buildConfigurationList = 37C406372E049310006C7AAC /* Build configuration list for PBXNativeTarget "GaitAnalysisAppTests" */;
			buildPhases = (
				37C4061C2E049310006C7AAC /* Sources */,
				37C4061D2E049310006C7AAC /* Frameworks */,
				37C4061E2E049310006C7AAC /* Resources */,
			);
			buildRules = (
			);
			dependencies = (
				37C406222E049310006C7AAC /* PBXTargetDependency */,
			);
			name = GaitAnalysisAppTests;
			productName = GaitAnalysisAppTests;
			productReference = 37C406202E049310006C7AAC /* GaitAnalysisAppTests.xctest */;
			productType = "com.apple.product-type.bundle.unit-test";
		};
		37C406292E049310006C7AAC /* GaitAnalysisAppUITests */ = {
			isa = PBXNativeTarget;
			buildConfigurationList = 37C4063A2E049310006C7AAC /* Build configuration list for PBXNativeTarget "GaitAnalysisAppUITests" */;
			buildPhases = (
				37C406262E049310006C7AAC /* Sources */,
				37C406272E049310006C7AAC /* Frameworks */,
				37C406282E049310006C7AAC /* Resources */,
			);
			buildRules = (
			);
			dependencies = (
				37C4062C2E049310006C7AAC /* PBXTargetDependency */,
			);
			name = GaitAnalysisAppUITests;
			productName = GaitAnalysisAppUITests;
			productReference = 37C4062A2E049310006C7AAC /* GaitAnalysisAppUITests.xctest */;
			productType = "com.apple.product-type.bundle.ui-testing";
		};
/* End PBXNativeTarget section */

/* Begin PBXProject section */
		37C406082E04930E006C7AAC /* Project object */ = {
			isa = PBXProject;
			attributes = {
				BuildIndependentTargetsInParallel = 1;
				LastSwiftUpdateCheck = 1420;
				LastUpgradeCheck = 1420;
				TargetAttributes = {
					37C4060F2E04930E006C7AAC = {
						CreatedOnToolsVersion = 14.2;
					};
					37C4061F2E049310006C7AAC = {
						CreatedOnToolsVersion = 14.2;
						TestTargetID = 37C4060F2E04930E006C7AAC;
					};
					37C406292E049310006C7AAC = {
						CreatedOnToolsVersion = 14.2;
						TestTargetID = 37C4060F2E04930E006C7AAC;
					};
				};
			};
			buildConfigurationList = 37C4060B2E04930E006C7AAC /* Build configuration list for PBXProject "GaitAnalysisApp" */;
			compatibilityVersion = "Xcode 14.0";
			developmentRegion = en;
			hasScannedForEncodings = 0;
			knownRegions = (
				en,
				Base,
			);
			mainGroup = 37C406072E04930E006C7AAC;
			productRefGroup = 37C406112E04930E006C7AAC /* Products */;
			projectDirPath = "";
			projectRoot = "";
			targets = (
				37C4060F2E04930E006C7AAC /* GaitAnalysisApp */,
				37C4061F2E049310006C7AAC /* GaitAnalysisAppTests */,
				37C406292E049310006C7AAC /* GaitAnalysisAppUITests */,
			);
		};
/* End PBXProject section */

/* Begin PBXResourcesBuildPhase section */
		37C4060E2E04930E006C7AAC /* Resources */ = {
			isa = PBXResourcesBuildPhase;
			buildActionMask = 2147483647;
			files = (
				37C4061B2E049310006C7AAC /* Preview Assets.xcassets in Resources */,
				37C406182E049310006C7AAC /* Assets.xcassets in Resources */,
			);
			runOnlyForDeploymentPostprocessing = 0;
		};
		37C4061E2E049310006C7AAC /* Resources */ = {
			isa = PBXResourcesBuildPhase;
			buildActionMask = 2147483647;
			files = (
			);
			runOnlyForDeploymentPostprocessing = 0;
		};
		37C406282E049310006C7AAC /* Resources */ = {
			isa = PBXResourcesBuildPhase;
			buildActionMask = 2147483647;
			files = (
			);
			runOnlyForDeploymentPostprocessing = 0;
		};
/* End PBXResourcesBuildPhase section */

/* Begin PBXSourcesBuildPhase section */
		37C4060C2E04930E006C7AAC /* Sources */ = {
			isa = PBXSourcesBuildPhase;
			buildActionMask = 2147483647;
			files = (
				37C406162E04930E006C7AAC /* ContentView.swift in Sources */,
				37C406142E04930E006C7AAC /* GaitAnalysisAppApp.swift in Sources */,
			);
			runOnlyForDeploymentPostprocessing = 0;
		};
		37C4061C2E049310006C7AAC /* Sources */ = {
			isa = PBXSourcesBuildPhase;
			buildActionMask = 2147483647;
			files = (
				37C406252E049310006C7AAC /* GaitAnalysisAppTests.swift in Sources */,
			);
			runOnlyForDeploymentPostprocessing = 0;
		};
		37C406262E049310006C7AAC /* Sources */ = {
			isa = PBXSourcesBuildPhase;
			buildActionMask = 2147483647;
			files = (
				37C4062F2E049310006C7AAC /* GaitAnalysisAppUITests.swift in Sources */,
				37C406312E049310006C7AAC /* GaitAnalysisAppUITestsLaunchTests.swift in Sources */,
			);
			runOnlyForDeploymentPostprocessing = 0;
		};
/* End PBXSourcesBuildPhase section */

/* Begin PBXTargetDependency section */
		37C406222E049310006C7AAC /* PBXTargetDependency */ = {
			isa = PBXTargetDependency;
			target = 37C4060F2E04930E006C7AAC /* GaitAnalysisApp */;
			targetProxy = 37C406212E049310006C7AAC /* PBXContainerItemProxy */;
		};
		37C4062C2E049310006C7AAC /* PBXTargetDependency */ = {
			isa = PBXTargetDependency;
			target = 37C4060F2E04930E006C7AAC /* GaitAnalysisApp */;
			targetProxy = 37C4062B2E049310006C7AAC /* PBXContainerItemProxy */;
		};
/* End PBXTargetDependency section */

/* Begin XCBuildConfiguration section */
		37C406322E049310006C7AAC /* Debug */ = {
			isa = XCBuildConfiguration;
			buildSettings = {
				ALWAYS_SEARCH_USER_PATHS = NO;
				CLANG_ANALYZER_NONNULL = YES;
				CLANG_ANALYZER_NUMBER_OBJECT_CONVERSION = YES_AGGRESSIVE;
				CLANG_CXX_LANGUAGE_STANDARD = "gnu++20";
				CLANG_ENABLE_MODULES = YES;
				CLANG_ENABLE_OBJC_ARC = YES;
				CLANG_ENABLE_OBJC_WEAK = YES;
				CLANG_WARN_BLOCK_CAPTURE_AUTORELEASING = YES;
				CLANG_WARN_BOOL_CONVERSION = YES;
				CLANG_WARN_COMMA = YES;
				CLANG_WARN_CONSTANT_CONVERSION = YES;
				CLANG_WARN_DEPRECATED_OBJC_IMPLEMENTATIONS = YES;
				CLANG_WARN_DIRECT_OBJC_ISA_USAGE = YES_ERROR;
				CLANG_WARN_DOCUMENTATION_COMMENTS = YES;
				CLANG_WARN_EMPTY_BODY = YES;
				CLANG_WARN_ENUM_CONVERSION = YES;
				CLANG_WARN_INFINITE_RECURSION = YES;
				CLANG_WARN_INT_CONVERSION = YES;
				CLANG_WARN_NON_LITERAL_NULL_CONVERSION = YES;
				CLANG_WARN_OBJC_IMPLICIT_RETAIN_SELF = YES;
				CLANG_WARN_OBJC_LITERAL_CONVERSION = YES;
				CLANG_WARN_OBJC_ROOT_CLASS = YES_ERROR;
				CLANG_WARN_QUOTED_INCLUDE_IN_FRAMEWORK_HEADER = YES;
				CLANG_WARN_RANGE_LOOP_ANALYSIS = YES;
				CLANG_WARN_STRICT_PROTOTYPES = YES;
				CLANG_WARN_SUSPICIOUS_MOVE = YES;
				CLANG_WARN_UNGUARDED_AVAILABILITY = YES_AGGRESSIVE;
				CLANG_WARN_UNREACHABLE_CODE = YES;
				CLANG_WARN__DUPLICATE_METHOD_MATCH = YES;
				COPY_PHASE_STRIP = NO;
				DEBUG_INFORMATION_FORMAT = dwarf;
				ENABLE_STRICT_OBJC_MSGSEND = YES;
				ENABLE_TESTABILITY = YES;
				GCC_C_LANGUAGE_STANDARD = gnu11;
				GCC_DYNAMIC_NO_PIC = NO;
				GCC_NO_COMMON_BLOCKS = YES;
				GCC_OPTIMIZATION_LEVEL = 0;
				GCC_PREPROCESSOR_DEFINITIONS = (
					"DEBUG=1",
					"$(inherited)",
				);
				GCC_WARN_64_TO_32_BIT_CONVERSION = YES;
				GCC_WARN_ABOUT_RETURN_TYPE = YES_ERROR;
				GCC_WARN_UNDECLARED_SELECTOR = YES;
				GCC_WARN_UNINITIALIZED_AUTOS = YES_AGGRESSIVE;
				GCC_WARN_UNUSED_FUNCTION = YES;
				GCC_WARN_UNUSED_VARIABLE = YES;
				IPHONEOS_DEPLOYMENT_TARGET = 16.2;
				MTL_ENABLE_DEBUG_INFO = INCLUDE_SOURCE;
				MTL_FAST_MATH = YES;
				ONLY_ACTIVE_ARCH = YES;
				SDKROOT = iphoneos;
				SWIFT_ACTIVE_COMPILATION_CONDITIONS = DEBUG;
				SWIFT_OPTIMIZATION_LEVEL = "-Onone";
			};
			name = Debug;
		};
		37C406332E049310006C7AAC /* Release */ = {
			isa = XCBuildConfiguration;
			buildSettings = {
				ALWAYS_SEARCH_USER_PATHS = NO;
				CLANG_ANALYZER_NONNULL = YES;
				CLANG_ANALYZER_NUMBER_OBJECT_CONVERSION = YES_AGGRESSIVE;
				CLANG_CXX_LANGUAGE_STANDARD = "gnu++20";
				CLANG_ENABLE_MODULES = YES;
				CLANG_ENABLE_OBJC_ARC = YES;
				CLANG_ENABLE_OBJC_WEAK = YES;
				CLANG_WARN_BLOCK_CAPTURE_AUTORELEASING = YES;
				CLANG_WARN_BOOL_CONVERSION = YES;
				CLANG_WARN_COMMA = YES;
				CLANG_WARN_CONSTANT_CONVERSION = YES;
				CLANG_WARN_DEPRECATED_OBJC_IMPLEMENTATIONS = YES;
				CLANG_WARN_DIRECT_OBJC_ISA_USAGE = YES_ERROR;
				CLANG_WARN_DOCUMENTATION_COMMENTS = YES;
				CLANG_WARN_EMPTY_BODY = YES;
				CLANG_WARN_ENUM_CONVERSION = YES;
				CLANG_WARN_INFINITE_RECURSION = YES;
				CLANG_WARN_INT_CONVERSION = YES;
				CLANG_WARN_NON_LITERAL_NULL_CONVERSION = YES;
				CLANG_WARN_OBJC_IMPLICIT_RETAIN_SELF = YES;
				CLANG_WARN_OBJC_LITERAL_CONVERSION = YES;
				CLANG_WARN_OBJC_ROOT_CLASS = YES_ERROR;
				CLANG_WARN_QUOTED_INCLUDE_IN_FRAMEWORK_HEADER = YES;
				CLANG_WARN_RANGE_LOOP_ANALYSIS = YES;
				CLANG_WARN_STRICT_PROTOTYPES = YES;
				CLANG_WARN_SUSPICIOUS_MOVE = YES;
				CLANG_WARN_UNGUARDED_AVAILABILITY = YES_AGGRESSIVE;
				CLANG_WARN_UNREACHABLE_CODE = YES;
				CLANG_WARN__DUPLICATE_METHOD_MATCH = YES;
				COPY_PHASE_STRIP = NO;
				DEBUG_INFORMATION_FORMAT = "dwarf-with-dsym";
				ENABLE_NS_ASSERTIONS = NO;
				ENABLE_STRICT_OBJC_MSGSEND = YES;
				GCC_C_LANGUAGE_STANDARD = gnu11;
				GCC_NO_COMMON_BLOCKS = YES;
				GCC_WARN_64_TO_32_BIT_CONVERSION = YES;
				GCC_WARN_ABOUT_RETURN_TYPE = YES_ERROR;
				GCC_WARN_UNDECLARED_SELECTOR = YES;
				GCC_WARN_UNINITIALIZED_AUTOS = YES_AGGRESSIVE;
				GCC_WARN_UNUSED_FUNCTION = YES;
				GCC_WARN_UNUSED_VARIABLE = YES;
				IPHONEOS_DEPLOYMENT_TARGET = 16.2;
				MTL_ENABLE_DEBUG_INFO = NO;
				MTL_FAST_MATH = YES;
				SDKROOT = iphoneos;
				SWIFT_COMPILATION_MODE = wholemodule;
				SWIFT_OPTIMIZATION_LEVEL = "-O";
				VALIDATE_PRODUCT = YES;
			};
			name = Release;
		};
		37C406352E049310006C7AAC /* Debug */ = {
			isa = XCBuildConfiguration;
			buildSettings = {
				ASSETCATALOG_COMPILER_APPICON_NAME = AppIcon;
				ASSETCATALOG_COMPILER_GLOBAL_ACCENT_COLOR_NAME = AccentColor;
				CODE_SIGN_STYLE = Automatic;
				CURRENT_PROJECT_VERSION = 1;
				DEVELOPMENT_ASSET_PATHS = "\"GaitAnalysisApp/Preview Content\"";
				ENABLE_PREVIEWS = YES;
				GENERATE_INFOPLIST_FILE = YES;
				INFOPLIST_KEY_UIApplicationSceneManifest_Generation = YES;
				INFOPLIST_KEY_UIApplicationSupportsIndirectInputEvents = YES;
				INFOPLIST_KEY_UILaunchScreen_Generation = YES;
				INFOPLIST_KEY_UISupportedInterfaceOrientations_iPad = "UIInterfaceOrientationPortrait UIInterfaceOrientationPortraitUpsideDown UIInterfaceOrientationLandscapeLeft UIInterfaceOrientationLandscapeRight";
				INFOPLIST_KEY_UISupportedInterfaceOrientations_iPhone = "UIInterfaceOrientationPortrait UIInterfaceOrientationLandscapeLeft UIInterfaceOrientationLandscapeRight";
				LD_RUNPATH_SEARCH_PATHS = (
					"$(inherited)",
					"@executable_path/Frameworks",
				);
				MARKETING_VERSION = 1.0;
				PRODUCT_BUNDLE_IDENTIFIER = "Sarah-Qiao.GaitAnalysisApp";
				PRODUCT_NAME = "$(TARGET_NAME)";
				SWIFT_EMIT_LOC_STRINGS = YES;
				SWIFT_VERSION = 5.0;
				TARGETED_DEVICE_FAMILY = "1,2";
			};
			name = Debug;
		};
		37C406362E049310006C7AAC /* Release */ = {
			isa = XCBuildConfiguration;
			buildSettings = {
				ASSETCATALOG_COMPILER_APPICON_NAME = AppIcon;
				ASSETCATALOG_COMPILER_GLOBAL_ACCENT_COLOR_NAME = AccentColor;
				CODE_SIGN_STYLE = Automatic;
				CURRENT_PROJECT_VERSION = 1;
				DEVELOPMENT_ASSET_PATHS = "\"GaitAnalysisApp/Preview Content\"";
				ENABLE_PREVIEWS = YES;
				GENERATE_INFOPLIST_FILE = YES;
				INFOPLIST_KEY_UIApplicationSceneManifest_Generation = YES;
				INFOPLIST_KEY_UIApplicationSupportsIndirectInputEvents = YES;
				INFOPLIST_KEY_UILaunchScreen_Generation = YES;
				INFOPLIST_KEY_UISupportedInterfaceOrientations_iPad = "UIInterfaceOrientationPortrait UIInterfaceOrientationPortraitUpsideDown UIInterfaceOrientationLandscapeLeft UIInterfaceOrientationLandscapeRight";
				INFOPLIST_KEY_UISupportedInterfaceOrientations_iPhone = "UIInterfaceOrientationPortrait UIInterfaceOrientationLandscapeLeft UIInterfaceOrientationLandscapeRight";
				LD_RUNPATH_SEARCH_PATHS = (
					"$(inherited)",
					"@executable_path/Frameworks",
				);
				MARKETING_VERSION = 1.0;
				PRODUCT_BUNDLE_IDENTIFIER = "Sarah-Qiao.GaitAnalysisApp";
				PRODUCT_NAME = "$(TARGET_NAME)";
				SWIFT_EMIT_LOC_STRINGS = YES;
				SWIFT_VERSION = 5.0;
				TARGETED_DEVICE_FAMILY = "1,2";
			};
			name = Release;
		};
		37C406382E049310006C7AAC /* Debug */ = {
			isa = XCBuildConfiguration;
			buildSettings = {
				ALWAYS_EMBED_SWIFT_STANDARD_LIBRARIES = YES;
				BUNDLE_LOADER = "$(TEST_HOST)";
				CODE_SIGN_STYLE = Automatic;
				CURRENT_PROJECT_VERSION = 1;
				GENERATE_INFOPLIST_FILE = YES;
				IPHONEOS_DEPLOYMENT_TARGET = 16.2;
				MARKETING_VERSION = 1.0;
				PRODUCT_BUNDLE_IDENTIFIER = "Sarah-Qiao.GaitAnalysisAppTests";
				PRODUCT_NAME = "$(TARGET_NAME)";
				SWIFT_EMIT_LOC_STRINGS = NO;
				SWIFT_VERSION = 5.0;
				TARGETED_DEVICE_FAMILY = "1,2";
				TEST_HOST = "$(BUILT_PRODUCTS_DIR)/GaitAnalysisApp.app/$(BUNDLE_EXECUTABLE_FOLDER_PATH)/GaitAnalysisApp";
			};
			name = Debug;
		};
		37C406392E049310006C7AAC /* Release */ = {
			isa = XCBuildConfiguration;
			buildSettings = {
				ALWAYS_EMBED_SWIFT_STANDARD_LIBRARIES = YES;
				BUNDLE_LOADER = "$(TEST_HOST)";
				CODE_SIGN_STYLE = Automatic;
				CURRENT_PROJECT_VERSION = 1;
				GENERATE_INFOPLIST_FILE = YES;
				IPHONEOS_DEPLOYMENT_TARGET = 16.2;
				MARKETING_VERSION = 1.0;
				PRODUCT_BUNDLE_IDENTIFIER = "Sarah-Qiao.GaitAnalysisAppTests";
				PRODUCT_NAME = "$(TARGET_NAME)";
				SWIFT_EMIT_LOC_STRINGS = NO;
				SWIFT_VERSION = 5.0;
				TARGETED_DEVICE_FAMILY = "1,2";
				TEST_HOST = "$(BUILT_PRODUCTS_DIR)/GaitAnalysisApp.app/$(BUNDLE_EXECUTABLE_FOLDER_PATH)/GaitAnalysisApp";
			};
			name = Release;
		};
		37C4063B2E049310006C7AAC /* Debug */ = {
			isa = XCBuildConfiguration;
			buildSettings = {
				ALWAYS_EMBED_SWIFT_STANDARD_LIBRARIES = YES;
				CODE_SIGN_STYLE = Automatic;
				CURRENT_PROJECT_VERSION = 1;
				GENERATE_INFOPLIST_FILE = YES;
				MARKETING_VERSION = 1.0;
				PRODUCT_BUNDLE_IDENTIFIER = "Sarah-Qiao.GaitAnalysisAppUITests";
				PRODUCT_NAME = "$(TARGET_NAME)";
				SWIFT_EMIT_LOC_STRINGS = NO;
				SWIFT_VERSION = 5.0;
				TARGETED_DEVICE_FAMILY = "1,2";
				TEST_TARGET_NAME = GaitAnalysisApp;
			};
			name = Debug;
		};
		37C4063C2E049310006C7AAC /* Release */ = {
			isa = XCBuildConfiguration;
			buildSettings = {
				ALWAYS_EMBED_SWIFT_STANDARD_LIBRARIES = YES;
				CODE_SIGN_STYLE = Automatic;
				CURRENT_PROJECT_VERSION = 1;
				GENERATE_INFOPLIST_FILE = YES;
				MARKETING_VERSION = 1.0;
				PRODUCT_BUNDLE_IDENTIFIER = "Sarah-Qiao.GaitAnalysisAppUITests";
				PRODUCT_NAME = "$(TARGET_NAME)";
				SWIFT_EMIT_LOC_STRINGS = NO;
				SWIFT_VERSION = 5.0;
				TARGETED_DEVICE_FAMILY = "1,2";
				TEST_TARGET_NAME = GaitAnalysisApp;
			};
			name = Release;
		};
/* End XCBuildConfiguration section */

/* Begin XCConfigurationList section */
		37C4060B2E04930E006C7AAC /* Build configuration list for PBXProject "GaitAnalysisApp" */ = {
			isa = XCConfigurationList;
			buildConfigurations = (
				37C406322E049310006C7AAC /* Debug */,
				37C406332E049310006C7AAC /* Release */,
			);
			defaultConfigurationIsVisible = 0;
			defaultConfigurationName = Release;
		};
		37C406342E049310006C7AAC /* Build configuration list for PBXNativeTarget "GaitAnalysisApp" */ = {
			isa = XCConfigurationList;
			buildConfigurations = (
				37C406352E049310006C7AAC /* Debug */,
				37C406362E049310006C7AAC /* Release */,
			);
			defaultConfigurationIsVisible = 0;
			defaultConfigurationName = Release;
		};
		37C406372E049310006C7AAC /* Build configuration list for PBXNativeTarget "GaitAnalysisAppTests" */ = {
			isa = XCConfigurationList;
			buildConfigurations = (
				37C406382E049310006C7AAC /* Debug */,
				37C406392E049310006C7AAC /* Release */,
			);
			defaultConfigurationIsVisible = 0;
			defaultConfigurationName = Release;
		};
		37C4063A2E049310006C7AAC /* Build configuration list for PBXNativeTarget "GaitAnalysisAppUITests" */ = {
			isa = XCConfigurationList;
			buildConfigurations = (
				37C4063B2E049310006C7AAC /* Debug */,
				37C4063C2E049310006C7AAC /* Release */,
			);
			defaultConfigurationIsVisible = 0;
			defaultConfigurationName = Release;
		};
/* End XCConfigurationList section */
	};
	rootObject = 37C406082E04930E006C7AAC /* Project object */;
}
